dependencies:
- name: dg-frontend
  repository: file://../dg-frontend
  version: 0.1.0
- name: dg-backend
  repository: file://../dg-backend
  version: 0.1.0
- name: postgresql
  repository: https://charts.bitnami.com/bitnami
  version: 12.1.2
digest: sha256:8ab690b954fece3e9bea95af3d649c3770fc9c8072515aaefa6d52953ccddd21
generated: "2023-06-02T15:22:57.188101-04:00"
